// !$*UTF8*$!
{
	archiveVersion = 1;
	classes = {
	};
	objectVersion = 46;
	objects = {

/* Begin PBXBuildFile section */
		472EBB311A37F0AE00228EB5 /* AppDelegate.swift in Sources */ = {isa = PBXBuildFile; fileRef = 472EBB301A37F0AE00228EB5 /* AppDelegate.swift */; };
		472EBB331A37F0AE00228EB5 /* ViewController.swift in Sources */ = {isa = PBXBuildFile; fileRef = 472EBB321A37F0AE00228EB5 /* ViewController.swift */; };
		472EBB361A37F0AE00228EB5 /* Main.storyboard in Resources */ = {isa = PBXBuildFile; fileRef = 472EBB341A37F0AE00228EB5 /* Main.storyboard */; };
		472EBB381A37F0AE00228EB5 /* Images.xcassets in Resources */ = {isa = PBXBuildFile; fileRef = 472EBB371A37F0AE00228EB5 /* Images.xcassets */; };
		472EBB3B1A37F0AE00228EB5 /* LaunchScreen.xib in Resources */ = {isa = PBXBuildFile; fileRef = 472EBB391A37F0AE00228EB5 /* LaunchScreen.xib */; };
		472EBB471A37F0AE00228EB5 /* BhagavadGitaTests.swift in Sources */ = {isa = PBXBuildFile; fileRef = 472EBB461A37F0AE00228EB5 /* BhagavadGitaTests.swift */; };
/* End PBXBuildFile section */

/* Begin PBXContainerItemProxy section */
		472EBB411A37F0AE00228EB5 /* PBXContainerItemProxy */ = {
			isa = PBXContainerItemProxy;
			containerPortal = 472EBB231A37F0AE00228EB5 /* Project object */;
			proxyType = 1;
			remoteGlobalIDString = 472EBB2A1A37F0AE00228EB5;
			remoteInfo = BhagavadGita;
		};
/* End PBXContainerItemProxy section */

/* Begin PBXFileReference section */
		472EBB2B1A37F0AE00228EB5 /* BhagavadGita.app */ = {isa = PBXFileReference; explicitFileType = wrapper.application; includeInIndex = 0; path = BhagavadGita.app; sourceTree = BUILT_PRODUCTS_DIR; };
		472EBB2F1A37F0AE00228EB5 /* Info.plist */ = {isa = PBXFileReference; lastKnownFileType = text.plist.xml; path = Info.plist; sourceTree = "<group>"; };
		472EBB301A37F0AE00228EB5 /* AppDelegate.swift */ = {isa = PBXFileReference; lastKnownFileType = sourcecode.swift; path = AppDelegate.swift; sourceTree = "<group>"; };
		472EBB321A37F0AE00228EB5 /* ViewController.swift */ = {isa = PBXFileReference; lastKnownFileType = sourcecode.swift; path = ViewController.swift; sourceTree = "<group>"; };
		472EBB351A37F0AE00228EB5 /* Base */ = {isa = PBXFileReference; lastKnownFileType = file.storyboard; name = Base; path = Base.lproj/Main.storyboard; sourceTree = "<group>"; };
		472EBB371A37F0AE00228EB5 /* Images.xcassets */ = {isa = PBXFileReference; lastKnownFileType = folder.assetcatalog; path = Images.xcassets; sourceTree = "<group>"; };
		472EBB3A1A37F0AE00228EB5 /* Base */ = {isa = PBXFileReference; lastKnownFileType = file.xib; name = Base; path = Base.lproj/LaunchScreen.xib; sourceTree = "<group>"; };
		472EBB401A37F0AE00228EB5 /* BhagavadGitaTests.xctest */ = {isa = PBXFileReference; explicitFileType = wrapper.cfbundle; includeInIndex = 0; path = BhagavadGitaTests.xctest; sourceTree = BUILT_PRODUCTS_DIR; };
		472EBB451A37F0AE00228EB5 /* Info.plist */ = {isa = PBXFileReference; lastKnownFileType = text.plist.xml; path = Info.plist; sourceTree = "<group>"; };
		472EBB461A37F0AE00228EB5 /* BhagavadGitaTests.swift */ = {isa = PBXFileReference; lastKnownFileType = sourcecode.swift; path = BhagavadGitaTests.swift; sourceTree = "<group>"; };
/* End PBXFileReference section */

/* Begin PBXFrameworksBuildPhase section */
		472EBB281A37F0AE00228EB5 /* Frameworks */ = {
			isa = PBXFrameworksBuildPhase;
			buildActionMask = 2147483647;
			files = (
			);
			runOnlyForDeploymentPostprocessing = 0;
		};
		472EBB3D1A37F0AE00228EB5 /* Frameworks */ = {
			isa = PBXFrameworksBuildPhase;
			buildActionMask = 2147483647;
			files = (
			);
			runOnlyForDeploymentPostprocessing = 0;
		};
/* End PBXFrameworksBuildPhase section */

/* Begin PBXGroup section */
		472EBB221A37F0AE00228EB5 = {
			isa = PBXGroup;
			children = (
				472EBB2D1A37F0AE00228EB5 /* BhagavadGita */,
				472EBB431A37F0AE00228EB5 /* BhagavadGitaTests */,
				472EBB2C1A37F0AE00228EB5 /* Products */,
			);
			sourceTree = "<group>";
		};
		472EBB2C1A37F0AE00228EB5 /* Products */ = {
			isa = PBXGroup;
			children = (
				472EBB2B1A37F0AE00228EB5 /* BhagavadGita.app */,
				472EBB401A37F0AE00228EB5 /* BhagavadGitaTests.xctest */,
			);
			name = Products;
			sourceTree = "<group>";
		};
		472EBB2D1A37F0AE00228EB5 /* BhagavadGita */ = {
			isa = PBXGroup;
			children = (
				472EBB301A37F0AE00228EB5 /* AppDelegate.swift */,
				472EBB321A37F0AE00228EB5 /* ViewController.swift */,
				472EBB341A37F0AE00228EB5 /* Main.storyboard */,
				472EBB371A37F0AE00228EB5 /* Images.xcassets */,
				472EBB391A37F0AE00228EB5 /* LaunchScreen.xib */,
				472EBB2E1A37F0AE00228EB5 /* Supporting Files */,
			);
			path = BhagavadGita;
			sourceTree = "<group>";
		};
		472EBB2E1A37F0AE00228EB5 /* Supporting Files */ = {
			isa = PBXGroup;
			children = (
				472EBB2F1A37F0AE00228EB5 /* Info.plist */,
			);
			name = "Supporting Files";
			sourceTree = "<group>";
		};
		472EBB431A37F0AE00228EB5 /* BhagavadGitaTests */ = {
			isa = PBXGroup;
			children = (
				472EBB461A37F0AE00228EB5 /* BhagavadGitaTests.swift */,
				472EBB441A37F0AE00228EB5 /* Supporting Files */,
			);
			path = BhagavadGitaTests;
			sourceTree = "<group>";
		};
		472EBB441A37F0AE00228EB5 /* Supporting Files */ = {
			isa = PBXGroup;
			children = (
				472EBB451A37F0AE00228EB5 /* Info.plist */,
			);
			name = "Supporting Files";
			sourceTree = "<group>";
		};
/* End PBXGroup section */

/* Begin PBXNativeTarget section */
		472EBB2A1A37F0AE00228EB5 /* BhagavadGita */ = {
			isa = PBXNativeTarget;
			buildConfigurationList = 472EBB4A1A37F0AE00228EB5 /* Build configuration list for PBXNativeTarget "BhagavadGita" */;
			buildPhases = (
				472EBB271A37F0AE00228EB5 /* Sources */,
				472EBB281A37F0AE00228EB5 /* Frameworks */,
				472EBB291A37F0AE00228EB5 /* Resources */,
			);
			buildRules = (
			);
			dependencies = (
			);
			name = BhagavadGita;
			productName = BhagavadGita;
			productReference = 472EBB2B1A37F0AE00228EB5 /* BhagavadGita.app */;
			productType = "com.apple.product-type.application";
		};
		472EBB3F1A37F0AE00228EB5 /* BhagavadGitaTests */ = {
			isa = PBXNativeTarget;
			buildConfigurationList = 472EBB4D1A37F0AE00228EB5 /* Build configuration list for PBXNativeTarget "BhagavadGitaTests" */;
			buildPhases = (
				472EBB3C1A37F0AE00228EB5 /* Sources */,
				472EBB3D1A37F0AE00228EB5 /* Frameworks */,
				472EBB3E1A37F0AE00228EB5 /* Resources */,
			);
			buildRules = (
			);
			dependencies = (
				472EBB421A37F0AE00228EB5 /* PBXTargetDependency */,
			);
			name = BhagavadGitaTests;
			productName = BhagavadGitaTests;
			productReference = 472EBB401A37F0AE00228EB5 /* BhagavadGitaTests.xctest */;
			productType = "com.apple.product-type.bundle.unit-test";
		};
/* End PBXNativeTarget section */

/* Begin PBXProject section */
		472EBB231A37F0AE00228EB5 /* Project object */ = {
			isa = PBXProject;
			attributes = {
				LastUpgradeCheck = 0610;
				ORGANIZATIONNAME = floydpink;
				TargetAttributes = {
					472EBB2A1A37F0AE00228EB5 = {
						CreatedOnToolsVersion = 6.1.1;
					};
					472EBB3F1A37F0AE00228EB5 = {
						CreatedOnToolsVersion = 6.1.1;
						TestTargetID = 472EBB2A1A37F0AE00228EB5;
					};
				};
			};
			buildConfigurationList = 472EBB261A37F0AE00228EB5 /* Build configuration list for PBXProject "BhagavadGita" */;
			compatibilityVersion = "Xcode 3.2";
			developmentRegion = English;
			hasScannedForEncodings = 0;
			knownRegions = (
				en,
				Base,
			);
			mainGroup = 472EBB221A37F0AE00228EB5;
			productRefGroup = 472EBB2C1A37F0AE00228EB5 /* Products */;
			projectDirPath = "";
			projectRoot = "";
			targets = (
				472EBB2A1A37F0AE00228EB5 /* BhagavadGita */,
				472EBB3F1A37F0AE00228EB5 /* BhagavadGitaTests */,
			);
		};
/* End PBXProject section */

/* Begin PBXResourcesBuildPhase section */
		472EBB291A37F0AE00228EB5 /* Resources */ = {
			isa = PBXResourcesBuildPhase;
			buildActionMask = 2147483647;
			files = (
				472EBB361A37F0AE00228EB5 /* Main.storyboard in Resources */,
				472EBB3B1A37F0AE00228EB5 /* LaunchScreen.xib in Resources */,
				472EBB381A37F0AE00228EB5 /* Images.xcassets in Resources */,
			);
			runOnlyForDeploymentPostprocessing = 0;
		};
		472EBB3E1A37F0AE00228EB5 /* Resources */ = {
			isa = PBXResourcesBuildPhase;
			buildActionMask = 2147483647;
			files = (
			);
			runOnlyForDeploymentPostprocessing = 0;
		};
/* End PBXResourcesBuildPhase section */

/* Begin PBXSourcesBuildPhase section */
		472EBB271A37F0AE00228EB5 /* Sources */ = {
			isa = PBXSourcesBuildPhase;
			buildActionMask = 2147483647;
			files = (
				472EBB331A37F0AE00228EB5 /* ViewController.swift in Sources */,
				472EBB311A37F0AE00228EB5 /* AppDelegate.swift in Sources */,
			);
			runOnlyForDeploymentPostprocessing = 0;
		};
		472EBB3C1A37F0AE00228EB5 /* Sources */ = {
			isa = PBXSourcesBuildPhase;
			buildActionMask = 2147483647;
			files = (
				472EBB471A37F0AE00228EB5 /* BhagavadGitaTests.swift in Sources */,
			);
			runOnlyForDeploymentPostprocessing = 0;
		};
/* End PBXSourcesBuildPhase section */

/* Begin PBXTargetDependency section */
		472EBB421A37F0AE00228EB5 /* PBXTargetDependency */ = {
			isa = PBXTargetDependency;
			target = 472EBB2A1A37F0AE00228EB5 /* BhagavadGita */;
			targetProxy = 472EBB411A37F0AE00228EB5 /* PBXContainerItemProxy */;
		};
/* End PBXTargetDependency section */

/* Begin PBXVariantGroup section */
		472EBB341A37F0AE00228EB5 /* Main.storyboard */ = {
			isa = PBXVariantGroup;
			children = (
				472EBB351A37F0AE00228EB5 /* Base */,
			);
			name = Main.storyboard;
			sourceTree = "<group>";
		};
		472EBB391A37F0AE00228EB5 /* LaunchScreen.xib */ = {
			isa = PBXVariantGroup;
			children = (
				472EBB3A1A37F0AE00228EB5 /* Base */,
			);
			name = LaunchScreen.xib;
			sourceTree = "<group>";
		};
/* End PBXVariantGroup section */

/* Begin XCBuildConfiguration section */
		472EBB481A37F0AE00228EB5 /* Debug */ = {
			isa = XCBuildConfiguration;
			buildSettings = {
				ALWAYS_SEARCH_USER_PATHS = NO;
				CLANG_CXX_LANGUAGE_STANDARD = "gnu++0x";
				CLANG_CXX_LIBRARY = "libc++";
				CLANG_ENABLE_MODULES = YES;
				CLANG_ENABLE_OBJC_ARC = YES;
				CLANG_WARN_BOOL_CONVERSION = YES;
				CLANG_WARN_CONSTANT_CONVERSION = YES;
				CLANG_WARN_DIRECT_OBJC_ISA_USAGE = YES_ERROR;
				CLANG_WARN_EMPTY_BODY = YES;
				CLANG_WARN_ENUM_CONVERSION = YES;
				CLANG_WARN_INT_CONVERSION = YES;
				CLANG_WARN_OBJC_ROOT_CLASS = YES_ERROR;
				CLANG_WARN_UNREACHABLE_CODE = YES;
				CLANG_WARN__DUPLICATE_METHOD_MATCH = YES;
				"CODE_SIGN_IDENTITY[sdk=iphoneos*]" = "iPhone Developer";
				COPY_PHASE_STRIP = NO;
				ENABLE_STRICT_OBJC_MSGSEND = YES;
				GCC_C_LANGUAGE_STANDARD = gnu99;
				GCC_DYNAMIC_NO_PIC = NO;
				GCC_OPTIMIZATION_LEVEL = 0;
				GCC_PREPROCESSOR_DEFINITIONS = (
					"DEBUG=1",
					"$(inherited)",
				);
				GCC_SYMBOLS_PRIVATE_EXTERN = NO;
				GCC_WARN_64_TO_32_BIT_CONVERSION = YES;
				GCC_WARN_ABOUT_RETURN_TYPE = YES_ERROR;
				GCC_WARN_UNDECLARED_SELECTOR = YES;
				GCC_WARN_UNINITIALIZED_AUTOS = YES_AGGRESSIVE;
				GCC_WARN_UNUSED_FUNCTION = YES;
				GCC_WARN_UNUSED_VARIABLE = YES;
				IPHONEOS_DEPLOYMENT_TARGET = 8.0;
				MTL_ENABLE_DEBUG_INFO = YES;
				ONLY_ACTIVE_ARCH = YES;
				SDKROOT = iphoneos;
				SWIFT_OPTIMIZATION_LEVEL = "-Onone";
				TARGETED_DEVICE_FAMILY = "1,2";
			};
			name = Debug;
		};
		472EBB491A37F0AE00228EB5 /* Release */ = {
			isa = XCBuildConfiguration;
			buildSettings = {
				ALWAYS_SEARCH_USER_PATHS = NO;
				CLANG_CXX_LANGUAGE_STANDARD = "gnu++0x";
				CLANG_CXX_LIBRARY = "libc++";
				CLANG_ENABLE_MODULES = YES;
				CLANG_ENABLE_OBJC_ARC = YES;
				CLANG_WARN_BOOL_CONVERSION = YES;
				CLANG_WARN_CONSTANT_CONVERSION = YES;
				CLANG_WARN_DIRECT_OBJC_ISA_USAGE = YES_ERROR;
				CLANG_WARN_EMPTY_BODY = YES;
				CLANG_WARN_ENUM_CONVERSION = YES;
				CLANG_WARN_INT_CONVERSION = YES;
				CLANG_WARN_OBJC_ROOT_CLASS = YES_ERROR;
				CLANG_WARN_UNREACHABLE_CODE = YES;
				CLANG_WARN__DUPLICATE_METHOD_MATCH = YES;
				"CODE_SIGN_IDENTITY[sdk=iphoneos*]" = "iPhone Developer";
				COPY_PHASE_STRIP = YES;
				ENABLE_NS_ASSERTIONS = NO;
				ENABLE_STRICT_OBJC_MSGSEND = YES;
				GCC_C_LANGUAGE_STANDARD = gnu99;
				GCC_WARN_64_TO_32_BIT_CONVERSION = YES;
				GCC_WARN_ABOUT_RETURN_TYPE = YES_ERROR;
				GCC_WARN_UNDECLARED_SELECTOR = YES;
				GCC_WARN_UNINITIALIZED_AUTOS = YES_AGGRESSIVE;
				GCC_WARN_UNUSED_FUNCTION = YES;
				GCC_WARN_UNUSED_VARIABLE = YES;
				IPHONEOS_DEPLOYMENT_TARGET = 8.0;
				MTL_ENABLE_DEBUG_INFO = NO;
				SDKROOT = iphoneos;
				TARGETED_DEVICE_FAMILY = "1,2";
				VALIDATE_PRODUCT = YES;
			};
			name = Release;
		};
		472EBB4B1A37F0AE00228EB5 /* Debug */ = {
			isa = XCBuildConfiguration;
			buildSettings = {
				ASSETCATALOG_COMPILER_APPICON_NAME = AppIcon;
				INFOPLIST_FILE = BhagavadGita/Info.plist;
				LD_RUNPATH_SEARCH_PATHS = "$(inherited) @executable_path/Frameworks";
				PRODUCT_NAME = "$(TARGET_NAME)";
			};
			name = Debug;
		};
		472EBB4C1A37F0AE00228EB5 /* Release */ = {
			isa = XCBuildConfiguration;
			buildSettings = {
				ASSETCATALOG_COMPILER_APPICON_NAME = AppIcon;
				INFOPLIST_FILE = BhagavadGita/Info.plist;
				LD_RUNPATH_SEARCH_PATHS = "$(inherited) @executable_path/Frameworks";
				PRODUCT_NAME = "$(TARGET_NAME)";
			};
			name = Release;
		};
		472EBB4E1A37F0AE00228EB5 /* Debug */ = {
			isa = XCBuildConfiguration;
			buildSettings = {
				BUNDLE_LOADER = "$(TEST_HOST)";
				FRAMEWORK_SEARCH_PATHS = (
					"$(SDKROOT)/Developer/Library/Frameworks",
					"$(inherited)",
				);
				GCC_PREPROCESSOR_DEFINITIONS = (
					"DEBUG=1",
					"$(inherited)",
				);
				INFOPLIST_FILE = BhagavadGitaTests/Info.plist;
				LD_RUNPATH_SEARCH_PATHS = "$(inherited) @executable_path/Frameworks @loader_path/Frameworks";
				PRODUCT_NAME = "$(TARGET_NAME)";
				TEST_HOST = "$(BUILT_PRODUCTS_DIR)/BhagavadGita.app/BhagavadGita";
			};
			name = Debug;
		};
		472EBB4F1A37F0AE00228EB5 /* Release */ = {
			isa = XCBuildConfiguration;
			buildSettings = {
				BUNDLE_LOADER = "$(TEST_HOST)";
				FRAMEWORK_SEARCH_PATHS = (
					"$(SDKROOT)/Developer/Library/Frameworks",
					"$(inherited)",
				);
				INFOPLIST_FILE = BhagavadGitaTests/Info.plist;
				LD_RUNPATH_SEARCH_PATHS = "$(inherited) @executable_path/Frameworks @loader_path/Frameworks";
				PRODUCT_NAME = "$(TARGET_NAME)";
				TEST_HOST = "$(BUILT_PRODUCTS_DIR)/BhagavadGita.app/BhagavadGita";
			};
			name = Release;
		};
/* End XCBuildConfiguration section */

/* Begin XCConfigurationList section */
		472EBB261A37F0AE00228EB5 /* Build configuration list for PBXProject "BhagavadGita" */ = {
			isa = XCConfigurationList;
			buildConfigurations = (
				472EBB481A37F0AE00228EB5 /* Debug */,
				472EBB491A37F0AE00228EB5 /* Release */,
			);
			defaultConfigurationIsVisible = 0;
			defaultConfigurationName = Release;
		};
		472EBB4A1A37F0AE00228EB5 /* Build configuration list for PBXNativeTarget "BhagavadGita" */ = {
			isa = XCConfigurationList;
			buildConfigurations = (
				472EBB4B1A37F0AE00228EB5 /* Debug */,
				472EBB4C1A37F0AE00228EB5 /* Release */,
			);
			defaultConfigurationIsVisible = 0;
		};
		472EBB4D1A37F0AE00228EB5 /* Build configuration list for PBXNativeTarget "BhagavadGitaTests" */ = {
			isa = XCConfigurationList;
			buildConfigurations = (
				472EBB4E1A37F0AE00228EB5 /* Debug */,
				472EBB4F1A37F0AE00228EB5 /* Release */,
			);
			defaultConfigurationIsVisible = 0;
		};
/* End XCConfigurationList section */
	};
	rootObject = 472EBB231A37F0AE00228EB5 /* Project object */;
}
